
Microsoft Visual Studio Solution File, Format Version 12.00
Project("{FAE04EC0-301F-11D3-BF4B-00C04F79EFBC}") = "Basic Calculator", "Basic Calculator\Basic Calculator.csproj", "{B81ED712-1F89-4E67-A320-57B772BB3C82}"
EndProject
Project("{FAE04EC0-301F-11D3-BF4B-00C04F79EFBC}") = "CalculatorPrivateAssembly", "CalculatorPrivateAssembly\CalculatorPrivateAssembly.csproj", "{8D6B5111-526C-462E-8308-B4437ABA0E16}"
EndProject
Global
	GlobalSection(SolutionConfigurationPlatforms) = preSolution
		Debug|Any CPU = Debug|Any CPU
		Release|Any CPU = Release|Any CPU
	EndGlobalSection
	GlobalSection(ProjectConfigurationPlatforms) = postSolution
		{B81ED712-1F89-4E67-A320-57B772BB3C82}.Debug|Any CPU.ActiveCfg = Debug|Any CPU
		{B81ED712-1F89-4E67-A320-57B772BB3C82}.Debug|Any CPU.Build.0 = Debug|Any CPU
		{B81ED712-1F89-4E67-A320-57B772BB3C82}.Release|Any CPU.ActiveCfg = Release|Any CPU
		{B81ED712-1F89-4E67-A320-57B772BB3C82}.Release|Any CPU.Build.0 = Release|Any CPU
		{8D6B5111-526C-462E-8308-B4437ABA0E16}.Debug|Any CPU.ActiveCfg = Debug|Any CPU
		{8D6B5111-526C-462E-8308-B4437ABA0E16}.Debug|Any CPU.Build.0 = Debug|Any CPU
		{8D6B5111-526C-462E-8308-B4437ABA0E16}.Release|Any CPU.ActiveCfg = Release|Any CPU
		{8D6B5111-526C-462E-8308-B4437ABA0E16}.Release|Any CPU.Build.0 = Release|Any CPU
	EndGlobalSection
EndGlobal
